{
  "name": "book-exchange-frontend",
  "version": "1.0.0",
  "lockfileVersion": 1,
  "requires": true,
  "dependencies": {
    "zustand": {
      "version": "5.0.6",
      "resolved": "https://registry.npmjs.org/zustand/-/zustand-5.0.6.tgz",
      "integrity": "sha512-ihAqNeUVhe0MAD+X8M5UzqyZ9k3FFZLBTtqo6JLPwV53cbRB/mJwBI0PxcIgqhBBHlEs8G45OTDTMq3gNcLq3A=="
    }
  }
}
